{
  "name": "ajs-platforms-2",
  "version": "1.0.0",
  "lockfileVersion": 1,
  "requires": true,
  "dependencies": {
    "@theart84/ajs-platforms": {
      "version": "1.0.0",
      "resolved": "https://npm.pkg.github.com/download/@theart84/ajs-platforms/1.0.0/086a6cdc250009931ff91c429256077383f4bc04dbd954aa57247b8cf986e311",
      "integrity": "sha512-p7n5j9wTQ5pz8WnUaW2jS9iMud86Gwsszwazn4qsPuDJgxH6hSbWoyqO7vrxcOAaO4WJjtNPUuKO6V/eD+9oKQ=="
    }
  }
}
